
Microsoft Visual Studio Solution File, Format Version 9.00
# Visual Studio 2005
Project("{8BC9CEB8-8B4A-11D0-8D11-00A0C91BC942}") = "libvcxenon", "libvcxenon\libvcxenon.vcproj", "{6B2A1FCC-E3C8-48A2-8376-29B1A292AE64}"
EndProject
Global
	GlobalSection(SolutionConfigurationPlatforms) = preSolution
		CodeAnalysis|Xbox 360 = CodeAnalysis|Xbox 360
		Debug|Xbox 360 = Debug|Xbox 360
		Profile_FastCap|Xbox 360 = Profile_FastCap|Xbox 360
		Profile|Xbox 360 = Profile|Xbox 360
		Release_LTCG|Xbox 360 = Release_LTCG|Xbox 360
		Release|Xbox 360 = Release|Xbox 360
	EndGlobalSection
	GlobalSection(ProjectConfigurationPlatforms) = postSolution
		{6B2A1FCC-E3C8-48A2-8376-29B1A292AE64}.CodeAnalysis|Xbox 360.ActiveCfg = CodeAnalysis|Xbox 360
		{6B2A1FCC-E3C8-48A2-8376-29B1A292AE64}.CodeAnalysis|Xbox 360.Build.0 = CodeAnalysis|Xbox 360
		{6B2A1FCC-E3C8-48A2-8376-29B1A292AE64}.Debug|Xbox 360.ActiveCfg = Debug|Xbox 360
		{6B2A1FCC-E3C8-48A2-8376-29B1A292AE64}.Debug|Xbox 360.Build.0 = Debug|Xbox 360
		{6B2A1FCC-E3C8-48A2-8376-29B1A292AE64}.Profile_FastCap|Xbox 360.ActiveCfg = Profile_FastCap|Xbox 360
		{6B2A1FCC-E3C8-48A2-8376-29B1A292AE64}.Profile_FastCap|Xbox 360.Build.0 = Profile_FastCap|Xbox 360
		{6B2A1FCC-E3C8-48A2-8376-29B1A292AE64}.Profile|Xbox 360.ActiveCfg = Profile|Xbox 360
		{6B2A1FCC-E3C8-48A2-8376-29B1A292AE64}.Profile|Xbox 360.Build.0 = Profile|Xbox 360
		{6B2A1FCC-E3C8-48A2-8376-29B1A292AE64}.Release_LTCG|Xbox 360.ActiveCfg = Release_LTCG|Xbox 360
		{6B2A1FCC-E3C8-48A2-8376-29B1A292AE64}.Release_LTCG|Xbox 360.Build.0 = Release_LTCG|Xbox 360
		{6B2A1FCC-E3C8-48A2-8376-29B1A292AE64}.Release|Xbox 360.ActiveCfg = Release|Xbox 360
		{6B2A1FCC-E3C8-48A2-8376-29B1A292AE64}.Release|Xbox 360.Build.0 = Release|Xbox 360
	EndGlobalSection
	GlobalSection(SolutionProperties) = preSolution
		HideSolutionNode = FALSE
	EndGlobalSection
EndGlobal
